
Microsoft Visual Studio Solution File, Format Version 12.00
# Visual Studio Version 16
VisualStudioVersion = 16.0.29609.76
MinimumVisualStudioVersion = 10.0.40219.1
Project("{FAE04EC0-301F-11D3-BF4B-00C04F79EFBC}") = "AlgoVisualizer", "AlgoVisualizer\AlgoVisualizer.csproj", "{AD438446-93F0-4354-B4E2-6E11B6E54360}"
EndProject
Global
	GlobalSection(SolutionConfigurationPlatforms) = preSolution
		Debug|Any CPU = Debug|Any CPU
		Release|Any CPU = Release|Any CPU
	EndGlobalSection
	GlobalSection(ProjectConfigurationPlatforms) = postSolution
		{AD438446-93F0-4354-B4E2-6E11B6E54360}.Debug|Any CPU.ActiveCfg = Debug|Any CPU
		{AD438446-93F0-4354-B4E2-6E11B6E54360}.Debug|Any CPU.Build.0 = Debug|Any CPU
		{AD438446-93F0-4354-B4E2-6E11B6E54360}.Release|Any CPU.ActiveCfg = Release|Any CPU
		{AD438446-93F0-4354-B4E2-6E11B6E54360}.Release|Any CPU.Build.0 = Release|Any CPU
	EndGlobalSection
	GlobalSection(SolutionProperties) = preSolution
		HideSolutionNode = FALSE
	EndGlobalSection
	GlobalSection(ExtensibilityGlobals) = postSolution
		SolutionGuid = {AC8E2AC8-BD30-429B-9BCB-380632449EE8}
	EndGlobalSection
EndGlobal
